// !$*UTF8*$!
{
	archiveVersion = 1;
	classes = {
	};
	objectVersion = 48;
	objects = {

/* Begin PBXBuildFile section */
		AAD455AB1F817C3D00060CDE /* AppDelegate.m in Sources */ = {isa = PBXBuildFile; fileRef = AAD455AA1F817C3D00060CDE /* AppDelegate.m */; };
		AAD455AE1F817C3D00060CDE /* ViewController.m in Sources */ = {isa = PBXBuildFile; fileRef = AAD455AD1F817C3D00060CDE /* ViewController.m */; };
		AAD455B11F817C3D00060CDE /* Main.storyboard in Resources */ = {isa = PBXBuildFile; fileRef = AAD455AF1F817C3D00060CDE /* Main.storyboard */; };
		AAD455B31F817C3D00060CDE /* Assets.xcassets in Resources */ = {isa = PBXBuildFile; fileRef = AAD455B21F817C3D00060CDE /* Assets.xcassets */; };
		AAD455B61F817C3D00060CDE /* LaunchScreen.storyboard in Resources */ = {isa = PBXBuildFile; fileRef = AAD455B41F817C3D00060CDE /* LaunchScreen.storyboard */; };
		AAD455B91F817C3D00060CDE /* main.m in Sources */ = {isa = PBXBuildFile; fileRef = AAD455B81F817C3D00060CDE /* main.m */; };
		AAD455C11F817C5000060CDE /* Person.m in Sources */ = {isa = PBXBuildFile; fileRef = AAD455BF1F817C5000060CDE /* Person.m */; };
		AAD455C71F817CA800060CDE /* Default-568h@2x.png in Resources */ = {isa = PBXBuildFile; fileRef = AAD455C61F817CA800060CDE /* Default-568h@2x.png */; };
/* End PBXBuildFile section */

/* Begin PBXFileReference section */
		AAD455A61F817C3D00060CDE /* InteropSwiftObjc.app */ = {isa = PBXFileReference; explicitFileType = wrapper.application; includeInIndex = 0; path = InteropSwiftObjc.app; sourceTree = BUILT_PRODUCTS_DIR; };
		AAD455A91F817C3D00060CDE /* AppDelegate.h */ = {isa = PBXFileReference; lastKnownFileType = sourcecode.c.h; path = AppDelegate.h; sourceTree = "<group>"; };
		AAD455AA1F817C3D00060CDE /* AppDelegate.m */ = {isa = PBXFileReference; lastKnownFileType = sourcecode.c.objc; path = AppDelegate.m; sourceTree = "<group>"; };
		AAD455AC1F817C3D00060CDE /* ViewController.h */ = {isa = PBXFileReference; lastKnownFileType = sourcecode.c.h; path = ViewController.h; sourceTree = "<group>"; };
		AAD455AD1F817C3D00060CDE /* ViewController.m */ = {isa = PBXFileReference; lastKnownFileType = sourcecode.c.objc; path = ViewController.m; sourceTree = "<group>"; };
		AAD455B01F817C3D00060CDE /* Base */ = {isa = PBXFileReference; lastKnownFileType = file.storyboard; name = Base; path = Base.lproj/Main.storyboard; sourceTree = "<group>"; };
		AAD455B21F817C3D00060CDE /* Assets.xcassets */ = {isa = PBXFileReference; lastKnownFileType = folder.assetcatalog; path = Assets.xcassets; sourceTree = "<group>"; };
		AAD455B51F817C3D00060CDE /* Base */ = {isa = PBXFileReference; lastKnownFileType = file.storyboard; name = Base; path = Base.lproj/LaunchScreen.storyboard; sourceTree = "<group>"; };
		AAD455B71F817C3D00060CDE /* Info.plist */ = {isa = PBXFileReference; lastKnownFileType = text.plist.xml; path = Info.plist; sourceTree = "<group>"; };
		AAD455B81F817C3D00060CDE /* main.m */ = {isa = PBXFileReference; lastKnownFileType = sourcecode.c.objc; path = main.m; sourceTree = "<group>"; };
		AAD455BF1F817C5000060CDE /* Person.m */ = {isa = PBXFileReference; lastKnownFileType = sourcecode.c.objc; path = Person.m; sourceTree = "<group>"; };
		AAD455C01F817C5000060CDE /* Person.h */ = {isa = PBXFileReference; lastKnownFileType = sourcecode.c.h; path = Person.h; sourceTree = "<group>"; };
		AAD455C61F817CA800060CDE /* Default-568h@2x.png */ = {isa = PBXFileReference; lastKnownFileType = image.png; path = "Default-568h@2x.png"; sourceTree = "<group>"; };
/* End PBXFileReference section */

/* Begin PBXFrameworksBuildPhase section */
		AAD455A31F817C3D00060CDE /* Frameworks */ = {
			isa = PBXFrameworksBuildPhase;
			buildActionMask = 2147483647;
			files = (
			);
			runOnlyForDeploymentPostprocessing = 0;
		};
/* End PBXFrameworksBuildPhase section */

/* Begin PBXGroup section */
		AAD4559D1F817C3D00060CDE = {
			isa = PBXGroup;
			children = (
				AAD455A81F817C3D00060CDE /* InteropSwiftObjc */,
				AAD455A71F817C3D00060CDE /* Products */,
			);
			sourceTree = "<group>";
		};
		AAD455A71F817C3D00060CDE /* Products */ = {
			isa = PBXGroup;
			children = (
				AAD455A61F817C3D00060CDE /* InteropSwiftObjc.app */,
			);
			name = Products;
			sourceTree = "<group>";
		};
		AAD455A81F817C3D00060CDE /* InteropSwiftObjc */ = {
			isa = PBXGroup;
			children = (
				AAD455C01F817C5000060CDE /* Person.h */,
				AAD455BF1F817C5000060CDE /* Person.m */,
				AAD455B71F817C3D00060CDE /* Info.plist */,
				AAD455C51F817C7F00060CDE /* Supporting Files */,
			);
			path = InteropSwiftObjc;
			sourceTree = "<group>";
		};
		AAD455C51F817C7F00060CDE /* Supporting Files */ = {
			isa = PBXGroup;
			children = (
				AAD455C61F817CA800060CDE /* Default-568h@2x.png */,
				AAD455A91F817C3D00060CDE /* AppDelegate.h */,
				AAD455AA1F817C3D00060CDE /* AppDelegate.m */,
				AAD455AC1F817C3D00060CDE /* ViewController.h */,
				AAD455AD1F817C3D00060CDE /* ViewController.m */,
				AAD455AF1F817C3D00060CDE /* Main.storyboard */,
				AAD455B21F817C3D00060CDE /* Assets.xcassets */,
				AAD455B41F817C3D00060CDE /* LaunchScreen.storyboard */,
				AAD455B81F817C3D00060CDE /* main.m */,
			);
			path = "Supporting Files";
			sourceTree = "<group>";
		};
/* End PBXGroup section */

/* Begin PBXNativeTarget section */
		AAD455A51F817C3D00060CDE /* InteropSwiftObjc */ = {
			isa = PBXNativeTarget;
			buildConfigurationList = AAD455BC1F817C3D00060CDE /* Build configuration list for PBXNativeTarget "InteropSwiftObjc" */;
			buildPhases = (
				AAD455A21F817C3D00060CDE /* Sources */,
				AAD455A31F817C3D00060CDE /* Frameworks */,
				AAD455A41F817C3D00060CDE /* Resources */,
			);
			buildRules = (
			);
			dependencies = (
			);
			name = InteropSwiftObjc;
			productName = InteropSwiftObjc;
			productReference = AAD455A61F817C3D00060CDE /* InteropSwiftObjc.app */;
			productType = "com.apple.product-type.application";
		};
/* End PBXNativeTarget section */

/* Begin PBXProject section */
		AAD4559E1F817C3D00060CDE /* Project object */ = {
			isa = PBXProject;
			attributes = {
				LastUpgradeCheck = 0900;
				ORGANIZATIONNAME = steve;
				TargetAttributes = {
					AAD455A51F817C3D00060CDE = {
						CreatedOnToolsVersion = 9.0;
						ProvisioningStyle = Automatic;
					};
				};
			};
			buildConfigurationList = AAD455A11F817C3D00060CDE /* Build configuration list for PBXProject "InteropSwiftObjc" */;
			compatibilityVersion = "Xcode 8.0";
			developmentRegion = en;
			hasScannedForEncodings = 0;
			knownRegions = (
				en,
				Base,
			);
			mainGroup = AAD4559D1F817C3D00060CDE;
			productRefGroup = AAD455A71F817C3D00060CDE /* Products */;
			projectDirPath = "";
			projectRoot = "";
			targets = (
				AAD455A51F817C3D00060CDE /* InteropSwiftObjc */,
			);
		};
/* End PBXProject section */

/* Begin PBXResourcesBuildPhase section */
		AAD455A41F817C3D00060CDE /* Resources */ = {
			isa = PBXResourcesBuildPhase;
			buildActionMask = 2147483647;
			files = (
				AAD455B61F817C3D00060CDE /* LaunchScreen.storyboard in Resources */,
				AAD455C71F817CA800060CDE /* Default-568h@2x.png in Resources */,
				AAD455B31F817C3D00060CDE /* Assets.xcassets in Resources */,
				AAD455B11F817C3D00060CDE /* Main.storyboard in Resources */,
			);
			runOnlyForDeploymentPostprocessing = 0;
		};
/* End PBXResourcesBuildPhase section */

/* Begin PBXSourcesBuildPhase section */
		AAD455A21F817C3D00060CDE /* Sources */ = {
			isa = PBXSourcesBuildPhase;
			buildActionMask = 2147483647;
			files = (
				AAD455AE1F817C3D00060CDE /* ViewController.m in Sources */,
				AAD455B91F817C3D00060CDE /* main.m in Sources */,
				AAD455C11F817C5000060CDE /* Person.m in Sources */,
				AAD455AB1F817C3D00060CDE /* AppDelegate.m in Sources */,
			);
			runOnlyForDeploymentPostprocessing = 0;
		};
/* End PBXSourcesBuildPhase section */

/* Begin PBXVariantGroup section */
		AAD455AF1F817C3D00060CDE /* Main.storyboard */ = {
			isa = PBXVariantGroup;
			children = (
				AAD455B01F817C3D00060CDE /* Base */,
			);
			name = Main.storyboard;
			sourceTree = "<group>";
		};
		AAD455B41F817C3D00060CDE /* LaunchScreen.storyboard */ = {
			isa = PBXVariantGroup;
			children = (
				AAD455B51F817C3D00060CDE /* Base */,
			);
			name = LaunchScreen.storyboard;
			sourceTree = "<group>";
		};
/* End PBXVariantGroup section */

/* Begin XCBuildConfiguration section */
		AAD455BA1F817C3D00060CDE /* Debug */ = {
			isa = XCBuildConfiguration;
			buildSettings = {
				ALWAYS_SEARCH_USER_PATHS = NO;
				CLANG_ANALYZER_NONNULL = YES;
				CLANG_ANALYZER_NUMBER_OBJECT_CONVERSION = YES_AGGRESSIVE;
				CLANG_CXX_LANGUAGE_STANDARD = "gnu++14";
				CLANG_CXX_LIBRARY = "libc++";
				CLANG_ENABLE_MODULES = YES;
				CLANG_ENABLE_OBJC_ARC = YES;
				CLANG_WARN_BLOCK_CAPTURE_AUTORELEASING = YES;
				CLANG_WARN_BOOL_CONVERSION = YES;
				CLANG_WARN_COMMA = YES;
				CLANG_WARN_CONSTANT_CONVERSION = YES;
				CLANG_WARN_DIRECT_OBJC_ISA_USAGE = YES_ERROR;
				CLANG_WARN_DOCUMENTATION_COMMENTS = YES;
				CLANG_WARN_EMPTY_BODY = YES;
				CLANG_WARN_ENUM_CONVERSION = YES;
				CLANG_WARN_INFINITE_RECURSION = YES;
				CLANG_WARN_INT_CONVERSION = YES;
				CLANG_WARN_NON_LITERAL_NULL_CONVERSION = YES;
				CLANG_WARN_OBJC_LITERAL_CONVERSION = YES;
				CLANG_WARN_OBJC_ROOT_CLASS = YES_ERROR;
				CLANG_WARN_RANGE_LOOP_ANALYSIS = YES;
				CLANG_WARN_STRICT_PROTOTYPES = YES;
				CLANG_WARN_SUSPICIOUS_MOVE = YES;
				CLANG_WARN_UNGUARDED_AVAILABILITY = YES_AGGRESSIVE;
				CLANG_WARN_UNREACHABLE_CODE = YES;
				CLANG_WARN__DUPLICATE_METHOD_MATCH = YES;
				CODE_SIGN_IDENTITY = "iPhone Developer";
				COPY_PHASE_STRIP = NO;
				DEBUG_INFORMATION_FORMAT = dwarf;
				ENABLE_STRICT_OBJC_MSGSEND = YES;
				ENABLE_TESTABILITY = YES;
				GCC_C_LANGUAGE_STANDARD = gnu11;
				GCC_DYNAMIC_NO_PIC = NO;
				GCC_NO_COMMON_BLOCKS = YES;
				GCC_OPTIMIZATION_LEVEL = 0;
				GCC_PREPROCESSOR_DEFINITIONS = (
					"DEBUG=1",
					"$(inherited)",
				);
				GCC_WARN_64_TO_32_BIT_CONVERSION = YES;
				GCC_WARN_ABOUT_RETURN_TYPE = YES_ERROR;
				GCC_WARN_UNDECLARED_SELECTOR = YES;
				GCC_WARN_UNINITIALIZED_AUTOS = YES_AGGRESSIVE;
				GCC_WARN_UNUSED_FUNCTION = YES;
				GCC_WARN_UNUSED_VARIABLE = YES;
				IPHONEOS_DEPLOYMENT_TARGET = 11.0;
				MTL_ENABLE_DEBUG_INFO = YES;
				ONLY_ACTIVE_ARCH = YES;
				SDKROOT = iphoneos;
			};
			name = Debug;
		};
		AAD455BB1F817C3D00060CDE /* Release */ = {
			isa = XCBuildConfiguration;
			buildSettings = {
				ALWAYS_SEARCH_USER_PATHS = NO;
				CLANG_ANALYZER_NONNULL = YES;
				CLANG_ANALYZER_NUMBER_OBJECT_CONVERSION = YES_AGGRESSIVE;
				CLANG_CXX_LANGUAGE_STANDARD = "gnu++14";
				CLANG_CXX_LIBRARY = "libc++";
				CLANG_ENABLE_MODULES = YES;
				CLANG_ENABLE_OBJC_ARC = YES;
				CLANG_WARN_BLOCK_CAPTURE_AUTORELEASING = YES;
				CLANG_WARN_BOOL_CONVERSION = YES;
				CLANG_WARN_COMMA = YES;
				CLANG_WARN_CONSTANT_CONVERSION = YES;
				CLANG_WARN_DIRECT_OBJC_ISA_USAGE = YES_ERROR;
				CLANG_WARN_DOCUMENTATION_COMMENTS = YES;
				CLANG_WARN_EMPTY_BODY = YES;
				CLANG_WARN_ENUM_CONVERSION = YES;
				CLANG_WARN_INFINITE_RECURSION = YES;
				CLANG_WARN_INT_CONVERSION = YES;
				CLANG_WARN_NON_LITERAL_NULL_CONVERSION = YES;
				CLANG_WARN_OBJC_LITERAL_CONVERSION = YES;
				CLANG_WARN_OBJC_ROOT_CLASS = YES_ERROR;
				CLANG_WARN_RANGE_LOOP_ANALYSIS = YES;
				CLANG_WARN_STRICT_PROTOTYPES = YES;
				CLANG_WARN_SUSPICIOUS_MOVE = YES;
				CLANG_WARN_UNGUARDED_AVAILABILITY = YES_AGGRESSIVE;
				CLANG_WARN_UNREACHABLE_CODE = YES;
				CLANG_WARN__DUPLICATE_METHOD_MATCH = YES;
				CODE_SIGN_IDENTITY = "iPhone Developer";
				COPY_PHASE_STRIP = NO;
				DEBUG_INFORMATION_FORMAT = "dwarf-with-dsym";
				ENABLE_NS_ASSERTIONS = NO;
				ENABLE_STRICT_OBJC_MSGSEND = YES;
				GCC_C_LANGUAGE_STANDARD = gnu11;
				GCC_NO_COMMON_BLOCKS = YES;
				GCC_WARN_64_TO_32_BIT_CONVERSION = YES;
				GCC_WARN_ABOUT_RETURN_TYPE = YES_ERROR;
				GCC_WARN_UNDECLARED_SELECTOR = YES;
				GCC_WARN_UNINITIALIZED_AUTOS = YES_AGGRESSIVE;
				GCC_WARN_UNUSED_FUNCTION = YES;
				GCC_WARN_UNUSED_VARIABLE = YES;
				IPHONEOS_DEPLOYMENT_TARGET = 11.0;
				MTL_ENABLE_DEBUG_INFO = NO;
				SDKROOT = iphoneos;
				VALIDATE_PRODUCT = YES;
			};
			name = Release;
		};
		AAD455BD1F817C3D00060CDE /* Debug */ = {
			isa = XCBuildConfiguration;
			buildSettings = {
				ASSETCATALOG_COMPILER_APPICON_NAME = AppIcon;
				CODE_SIGN_STYLE = Automatic;
				DEVELOPMENT_TEAM = 6D3DA9G4XW;
				INFOPLIST_FILE = InteropSwiftObjc/Info.plist;
				LD_RUNPATH_SEARCH_PATHS = "$(inherited) @executable_path/Frameworks";
				PRODUCT_BUNDLE_IDENTIFIER = com.cocoanutmobile.InteropSwiftObjc;
				PRODUCT_NAME = "$(TARGET_NAME)";
				TARGETED_DEVICE_FAMILY = "1,2";
			};
			name = Debug;
		};
		AAD455BE1F817C3D00060CDE /* Release */ = {
			isa = XCBuildConfiguration;
			buildSettings = {
				ASSETCATALOG_COMPILER_APPICON_NAME = AppIcon;
				CODE_SIGN_STYLE = Automatic;
				DEVELOPMENT_TEAM = 6D3DA9G4XW;
				INFOPLIST_FILE = InteropSwiftObjc/Info.plist;
				LD_RUNPATH_SEARCH_PATHS = "$(inherited) @executable_path/Frameworks";
				PRODUCT_BUNDLE_IDENTIFIER = com.cocoanutmobile.InteropSwiftObjc;
				PRODUCT_NAME = "$(TARGET_NAME)";
				TARGETED_DEVICE_FAMILY = "1,2";
			};
			name = Release;
		};
/* End XCBuildConfiguration section */

/* Begin XCConfigurationList section */
		AAD455A11F817C3D00060CDE /* Build configuration list for PBXProject "InteropSwiftObjc" */ = {
			isa = XCConfigurationList;
			buildConfigurations = (
				AAD455BA1F817C3D00060CDE /* Debug */,
				AAD455BB1F817C3D00060CDE /* Release */,
			);
			defaultConfigurationIsVisible = 0;
			defaultConfigurationName = Release;
		};
		AAD455BC1F817C3D00060CDE /* Build configuration list for PBXNativeTarget "InteropSwiftObjc" */ = {
			isa = XCConfigurationList;
			buildConfigurations = (
				AAD455BD1F817C3D00060CDE /* Debug */,
				AAD455BE1F817C3D00060CDE /* Release */,
			);
			defaultConfigurationIsVisible = 0;
			defaultConfigurationName = Release;
		};
/* End XCConfigurationList section */
	};
	rootObject = AAD4559E1F817C3D00060CDE /* Project object */;
}
